
Microsoft Visual Studio Solution File, Format Version 12.00
# Visual Studio Version 17
VisualStudioVersion = 17.5.33414.496
MinimumVisualStudioVersion = 10.0.40219.1
Project("{FAE04EC0-301F-11D3-BF4B-00C04F79EFBC}") = "L8_forms_JDTG_1067123", "L8_forms_JDTG_1067123\L8_forms_JDTG_1067123.csproj", "{9C543DD3-F624-4AA6-84BC-EEFC67B03427}"
EndProject
Global
	GlobalSection(SolutionConfigurationPlatforms) = preSolution
		Debug|Any CPU = Debug|Any CPU
		Release|Any CPU = Release|Any CPU
	EndGlobalSection
	GlobalSection(ProjectConfigurationPlatforms) = postSolution
		{9C543DD3-F624-4AA6-84BC-EEFC67B03427}.Debug|Any CPU.ActiveCfg = Debug|Any CPU
		{9C543DD3-F624-4AA6-84BC-EEFC67B03427}.Debug|Any CPU.Build.0 = Debug|Any CPU
		{9C543DD3-F624-4AA6-84BC-EEFC67B03427}.Release|Any CPU.ActiveCfg = Release|Any CPU
		{9C543DD3-F624-4AA6-84BC-EEFC67B03427}.Release|Any CPU.Build.0 = Release|Any CPU
	EndGlobalSection
	GlobalSection(SolutionProperties) = preSolution
		HideSolutionNode = FALSE
	EndGlobalSection
	GlobalSection(ExtensibilityGlobals) = postSolution
		SolutionGuid = {B79670C0-1A27-465E-AC8F-46978F82A9D4}
	EndGlobalSection
EndGlobal
